PODS:
  - Masonry (1.1.0)
  - MJExtension (3.0.13)
  - SVProgressHUD (2.2.5)

DEPENDENCIES:
  - Masonry (~> 1.1.0)
  - MJExtension (~> 3.0.13)
  - SVProgressHUD (~> 2.2.5)

SPEC REPOS:
  https://github.com/CocoaPods/Specs.git:
    - Masonry
    - MJExtension
    - SVProgressHUD

SPEC CHECKSUMS:
  Masonry: 678fab65091a9290e40e2832a55e7ab731aad201
  MJExtension: 5932755f451458eefa24239358817f8d291240c7
  SVProgressHUD: 1428aafac632c1f86f62aa4243ec12008d7a51d6

PODFILE CHECKSUM: d8f936d3ec885a8ee1896aa01d37ee0b1b651326

COCOAPODS: 1.5.0
